
Microsoft Visual Studio Solution File, Format Version 12.00
# Visual Studio Version 17
VisualStudioVersion = 17.4.33110.190
MinimumVisualStudioVersion = 10.0.40219.1
Project("{FAE04EC0-301F-11D3-BF4B-00C04F79EFBC}") = "StackandQueue", "StackandQueue.csproj", "{FD81CC1A-34F5-4AB5-AC9D-784C97BAAB68}"
EndProject
Global
	GlobalSection(SolutionConfigurationPlatforms) = preSolution
		Debug|Any CPU = Debug|Any CPU
		Release|Any CPU = Release|Any CPU
	EndGlobalSection
	GlobalSection(ProjectConfigurationPlatforms) = postSolution
		{FD81CC1A-34F5-4AB5-AC9D-784C97BAAB68}.Debug|Any CPU.ActiveCfg = Debug|Any CPU
		{FD81CC1A-34F5-4AB5-AC9D-784C97BAAB68}.Debug|Any CPU.Build.0 = Debug|Any CPU
		{FD81CC1A-34F5-4AB5-AC9D-784C97BAAB68}.Release|Any CPU.ActiveCfg = Release|Any CPU
		{FD81CC1A-34F5-4AB5-AC9D-784C97BAAB68}.Release|Any CPU.Build.0 = Release|Any CPU
	EndGlobalSection
	GlobalSection(SolutionProperties) = preSolution
		HideSolutionNode = FALSE
	EndGlobalSection
	GlobalSection(ExtensibilityGlobals) = postSolution
		SolutionGuid = {658D47F6-5533-476C-B57F-C52EAF948F4E}
	EndGlobalSection
EndGlobal
